
Microsoft Visual Studio Solution File, Format Version 12.00
# Visual Studio Version 17
VisualStudioVersion = 17.1.32210.238
MinimumVisualStudioVersion = 10.0.40219.1
Project("{FAE04EC0-301F-11D3-BF4B-00C04F79EFBC}") = "Interview.DotnetCoreApi", "Interview.DotnetCoreApi\Interview.DotnetCoreApi.csproj", "{C019602B-FEDC-41CD-BA96-D1BF7B2BC87C}"
EndProject
Global
	GlobalSection(SolutionConfigurationPlatforms) = preSolution
		Debug|Any CPU = Debug|Any CPU
		Release|Any CPU = Release|Any CPU
	EndGlobalSection
	GlobalSection(ProjectConfigurationPlatforms) = postSolution
		{C019602B-FEDC-41CD-BA96-D1BF7B2BC87C}.Debug|Any CPU.ActiveCfg = Debug|Any CPU
		{C019602B-FEDC-41CD-BA96-D1BF7B2BC87C}.Debug|Any CPU.Build.0 = Debug|Any CPU
		{C019602B-FEDC-41CD-BA96-D1BF7B2BC87C}.Release|Any CPU.ActiveCfg = Release|Any CPU
		{C019602B-FEDC-41CD-BA96-D1BF7B2BC87C}.Release|Any CPU.Build.0 = Release|Any CPU
	EndGlobalSection
	GlobalSection(SolutionProperties) = preSolution
		HideSolutionNode = FALSE
	EndGlobalSection
	GlobalSection(ExtensibilityGlobals) = postSolution
		SolutionGuid = {B6F8BE92-B6D8-4D83-8204-A313612792B3}
	EndGlobalSection
EndGlobal
